
Microsoft Visual Studio Solution File, Format Version 12.00
# Visual Studio Version 16
VisualStudioVersion = 16.0.30503.244
MinimumVisualStudioVersion = 10.0.40219.1
Project("{FAE04EC0-301F-11D3-BF4B-00C04F79EFBC}") = "Shops", "Shops\Shops.csproj", "{ED43B474-4184-4F1A-B90A-FE0ED3164B78}"
EndProject
Global
	GlobalSection(SolutionConfigurationPlatforms) = preSolution
		Debug|Any CPU = Debug|Any CPU
		Release|Any CPU = Release|Any CPU
	EndGlobalSection
	GlobalSection(ProjectConfigurationPlatforms) = postSolution
		{ED43B474-4184-4F1A-B90A-FE0ED3164B78}.Debug|Any CPU.ActiveCfg = Debug|Any CPU
		{ED43B474-4184-4F1A-B90A-FE0ED3164B78}.Debug|Any CPU.Build.0 = Debug|Any CPU
		{ED43B474-4184-4F1A-B90A-FE0ED3164B78}.Release|Any CPU.ActiveCfg = Release|Any CPU
		{ED43B474-4184-4F1A-B90A-FE0ED3164B78}.Release|Any CPU.Build.0 = Release|Any CPU
	EndGlobalSection
	GlobalSection(SolutionProperties) = preSolution
		HideSolutionNode = FALSE
	EndGlobalSection
	GlobalSection(ExtensibilityGlobals) = postSolution
		SolutionGuid = {690EF7D6-ECBA-4BF3-A998-F432AB483B0C}
	EndGlobalSection
EndGlobal
